
Microsoft Visual Studio Solution File, Format Version 12.00
# Visual Studio Version 16
VisualStudioVersion = 16.0.31729.503
MinimumVisualStudioVersion = 10.0.40219.1
Project("{FAE04EC0-301F-11D3-BF4B-00C04F79EFBC}") = "CBP-RoB-Plugin", "CBP-RoB-Plugin\CBP-RoB-Plugin.csproj", "{D511CC9D-ED40-4FF1-B7C8-7E3DDE1219A8}"
EndProject
Global
	GlobalSection(SolutionConfigurationPlatforms) = preSolution
		Debug|Any CPU = Debug|Any CPU
		Release|Any CPU = Release|Any CPU
	EndGlobalSection
	GlobalSection(ProjectConfigurationPlatforms) = postSolution
		{D511CC9D-ED40-4FF1-B7C8-7E3DDE1219A8}.Debug|Any CPU.ActiveCfg = Debug|Any CPU
		{D511CC9D-ED40-4FF1-B7C8-7E3DDE1219A8}.Debug|Any CPU.Build.0 = Debug|Any CPU
		{D511CC9D-ED40-4FF1-B7C8-7E3DDE1219A8}.Release|Any CPU.ActiveCfg = Release|Any CPU
		{D511CC9D-ED40-4FF1-B7C8-7E3DDE1219A8}.Release|Any CPU.Build.0 = Release|Any CPU
	EndGlobalSection
	GlobalSection(SolutionProperties) = preSolution
		HideSolutionNode = FALSE
	EndGlobalSection
	GlobalSection(ExtensibilityGlobals) = postSolution
		SolutionGuid = {B67F2E9F-B865-4265-8FA3-A619E276CE75}
	EndGlobalSection
EndGlobal
